// !$*UTF8*$!
{
	archiveVersion = 1;
	classes = {
	};
	objectVersion = 51;
	objects = {

/* Begin PBXBuildFile section */
		573F938924757155008E4DA4 /* StorageManager.swift in Sources */ = {isa = PBXBuildFile; fileRef = 573F938824757155008E4DA4 /* StorageManager.swift */; };
		573FFB6824740E4F005A85FB /* NewPlaceViewController.swift in Sources */ = {isa = PBXBuildFile; fileRef = 573FFB6724740E4F005A85FB /* NewPlaceViewController.swift */; };
		57AACFC524707F3800E9F6BA /* PlaceModel.swift in Sources */ = {isa = PBXBuildFile; fileRef = 57AACFC424707F3800E9F6BA /* PlaceModel.swift */; };
		57EF3BF3245AD46D00B6ADC4 /* AppDelegate.swift in Sources */ = {isa = PBXBuildFile; fileRef = 57EF3BF2245AD46D00B6ADC4 /* AppDelegate.swift */; };
		57EF3BF5245AD46D00B6ADC4 /* SceneDelegate.swift in Sources */ = {isa = PBXBuildFile; fileRef = 57EF3BF4245AD46D00B6ADC4 /* SceneDelegate.swift */; };
		57EF3BFA245AD46D00B6ADC4 /* Main.storyboard in Resources */ = {isa = PBXBuildFile; fileRef = 57EF3BF8245AD46D00B6ADC4 /* Main.storyboard */; };
		57EF3BFC245AD46F00B6ADC4 /* Assets.xcassets in Resources */ = {isa = PBXBuildFile; fileRef = 57EF3BFB245AD46F00B6ADC4 /* Assets.xcassets */; };
		57EF3BFF245AD46F00B6ADC4 /* LaunchScreen.storyboard in Resources */ = {isa = PBXBuildFile; fileRef = 57EF3BFD245AD46F00B6ADC4 /* LaunchScreen.storyboard */; };
		57EF3C07245AE01100B6ADC4 /* MainViewController.swift in Sources */ = {isa = PBXBuildFile; fileRef = 57EF3C06245AE01100B6ADC4 /* MainViewController.swift */; };
		57EF3C09245F4ED600B6ADC4 /* CustomTableViewCell.swift in Sources */ = {isa = PBXBuildFile; fileRef = 57EF3C08245F4ED600B6ADC4 /* CustomTableViewCell.swift */; };
		8EFD1CA11A5BC38E1C4D6EE3 /* Pods_MyPlaces.framework in Frameworks */ = {isa = PBXBuildFile; fileRef = EBC2DDCA0BDE84DB89E9DFA6 /* Pods_MyPlaces.framework */; };
/* End PBXBuildFile section */

/* Begin PBXFileReference section */
		4ABD5A579503D8311F1BD86C /* Pods-MyPlaces.debug.xcconfig */ = {isa = PBXFileReference; includeInIndex = 1; lastKnownFileType = text.xcconfig; name = "Pods-MyPlaces.debug.xcconfig"; path = "Target Support Files/Pods-MyPlaces/Pods-MyPlaces.debug.xcconfig"; sourceTree = "<group>"; };
		573F938824757155008E4DA4 /* StorageManager.swift */ = {isa = PBXFileReference; lastKnownFileType = sourcecode.swift; path = StorageManager.swift; sourceTree = "<group>"; };
		573FFB6724740E4F005A85FB /* NewPlaceViewController.swift */ = {isa = PBXFileReference; lastKnownFileType = sourcecode.swift; path = NewPlaceViewController.swift; sourceTree = "<group>"; };
		57AACFC424707F3800E9F6BA /* PlaceModel.swift */ = {isa = PBXFileReference; lastKnownFileType = sourcecode.swift; path = PlaceModel.swift; sourceTree = "<group>"; };
		57EF3BEF245AD46D00B6ADC4 /* MyPlaces.app */ = {isa = PBXFileReference; explicitFileType = wrapper.application; includeInIndex = 0; path = MyPlaces.app; sourceTree = BUILT_PRODUCTS_DIR; };
		57EF3BF2245AD46D00B6ADC4 /* AppDelegate.swift */ = {isa = PBXFileReference; lastKnownFileType = sourcecode.swift; path = AppDelegate.swift; sourceTree = "<group>"; };
		57EF3BF4245AD46D00B6ADC4 /* SceneDelegate.swift */ = {isa = PBXFileReference; lastKnownFileType = sourcecode.swift; path = SceneDelegate.swift; sourceTree = "<group>"; };
		57EF3BF9245AD46D00B6ADC4 /* Base */ = {isa = PBXFileReference; lastKnownFileType = file.storyboard; name = Base; path = Base.lproj/Main.storyboard; sourceTree = "<group>"; };
		57EF3BFB245AD46F00B6ADC4 /* Assets.xcassets */ = {isa = PBXFileReference; lastKnownFileType = folder.assetcatalog; path = Assets.xcassets; sourceTree = "<group>"; };
		57EF3BFE245AD46F00B6ADC4 /* Base */ = {isa = PBXFileReference; lastKnownFileType = file.storyboard; name = Base; path = Base.lproj/LaunchScreen.storyboard; sourceTree = "<group>"; };
		57EF3C00245AD46F00B6ADC4 /* Info.plist */ = {isa = PBXFileReference; lastKnownFileType = text.plist.xml; path = Info.plist; sourceTree = "<group>"; };
		57EF3C06245AE01100B6ADC4 /* MainViewController.swift */ = {isa = PBXFileReference; lastKnownFileType = sourcecode.swift; path = MainViewController.swift; sourceTree = "<group>"; };
		57EF3C08245F4ED600B6ADC4 /* CustomTableViewCell.swift */ = {isa = PBXFileReference; lastKnownFileType = sourcecode.swift; path = CustomTableViewCell.swift; sourceTree = "<group>"; };
		D3AB43486F9D9C338E81E4FA /* Pods-MyPlaces.release.xcconfig */ = {isa = PBXFileReference; includeInIndex = 1; lastKnownFileType = text.xcconfig; name = "Pods-MyPlaces.release.xcconfig"; path = "Target Support Files/Pods-MyPlaces/Pods-MyPlaces.release.xcconfig"; sourceTree = "<group>"; };
		EBC2DDCA0BDE84DB89E9DFA6 /* Pods_MyPlaces.framework */ = {isa = PBXFileReference; explicitFileType = wrapper.framework; includeInIndex = 0; path = Pods_MyPlaces.framework; sourceTree = BUILT_PRODUCTS_DIR; };
/* End PBXFileReference section */

/* Begin PBXFrameworksBuildPhase section */
		57EF3BEC245AD46D00B6ADC4 /* Frameworks */ = {
			isa = PBXFrameworksBuildPhase;
			buildActionMask = 2147483647;
			files = (
				8EFD1CA11A5BC38E1C4D6EE3 /* Pods_MyPlaces.framework in Frameworks */,
			);
			runOnlyForDeploymentPostprocessing = 0;
		};
/* End PBXFrameworksBuildPhase section */

/* Begin PBXGroup section */
		3012694739D72B3209E4946D /* Pods */ = {
			isa = PBXGroup;
			children = (
				4ABD5A579503D8311F1BD86C /* Pods-MyPlaces.debug.xcconfig */,
				D3AB43486F9D9C338E81E4FA /* Pods-MyPlaces.release.xcconfig */,
			);
			path = Pods;
			sourceTree = "<group>";
		};
		57EF3BE6245AD46D00B6ADC4 = {
			isa = PBXGroup;
			children = (
				57EF3BF1245AD46D00B6ADC4 /* MyPlaces */,
				57EF3BF0245AD46D00B6ADC4 /* Products */,
				3012694739D72B3209E4946D /* Pods */,
				EA9ECA84C7D5F6D47673C9EB /* Frameworks */,
			);
			sourceTree = "<group>";
		};
		57EF3BF0245AD46D00B6ADC4 /* Products */ = {
			isa = PBXGroup;
			children = (
				57EF3BEF245AD46D00B6ADC4 /* MyPlaces.app */,
			);
			name = Products;
			sourceTree = "<group>";
		};
		57EF3BF1245AD46D00B6ADC4 /* MyPlaces */ = {
			isa = PBXGroup;
			children = (
				57EF3BF4245AD46D00B6ADC4 /* SceneDelegate.swift */,
				57EF3BF2245AD46D00B6ADC4 /* AppDelegate.swift */,
				57EF3C06245AE01100B6ADC4 /* MainViewController.swift */,
				573FFB6724740E4F005A85FB /* NewPlaceViewController.swift */,
				57AACFC424707F3800E9F6BA /* PlaceModel.swift */,
				573F938824757155008E4DA4 /* StorageManager.swift */,
				57EF3C08245F4ED600B6ADC4 /* CustomTableViewCell.swift */,
				57EF3BF8245AD46D00B6ADC4 /* Main.storyboard */,
				57EF3BFB245AD46F00B6ADC4 /* Assets.xcassets */,
				57EF3BFD245AD46F00B6ADC4 /* LaunchScreen.storyboard */,
				57EF3C00245AD46F00B6ADC4 /* Info.plist */,
			);
			path = MyPlaces;
			sourceTree = "<group>";
		};
		EA9ECA84C7D5F6D47673C9EB /* Frameworks */ = {
			isa = PBXGroup;
			children = (
				EBC2DDCA0BDE84DB89E9DFA6 /* Pods_MyPlaces.framework */,
			);
			name = Frameworks;
			sourceTree = "<group>";
		};
/* End PBXGroup section */

/* Begin PBXNativeTarget section */
		57EF3BEE245AD46D00B6ADC4 /* MyPlaces */ = {
			isa = PBXNativeTarget;
			buildConfigurationList = 57EF3C03245AD46F00B6ADC4 /* Build configuration list for PBXNativeTarget "MyPlaces" */;
			buildPhases = (
				A3AB4BE6B80B6A56639B6ACD /* [CP] Check Pods Manifest.lock */,
				57EF3BEB245AD46D00B6ADC4 /* Sources */,
				57EF3BEC245AD46D00B6ADC4 /* Frameworks */,
				57EF3BED245AD46D00B6ADC4 /* Resources */,
				BBD99335D0097D5203BE9A5E /* [CP] Embed Pods Frameworks */,
			);
			buildRules = (
			);
			dependencies = (
			);
			name = MyPlaces;
			productName = MyPlaces;
			productReference = 57EF3BEF245AD46D00B6ADC4 /* MyPlaces.app */;
			productType = "com.apple.product-type.application";
		};
/* End PBXNativeTarget section */

/* Begin PBXProject section */
		57EF3BE7245AD46D00B6ADC4 /* Project object */ = {
			isa = PBXProject;
			attributes = {
				LastSwiftUpdateCheck = 1130;
				LastUpgradeCheck = 1130;
				ORGANIZATIONNAME = "Taisiya V";
				TargetAttributes = {
					57EF3BEE245AD46D00B6ADC4 = {
						CreatedOnToolsVersion = 11.3;
					};
				};
			};
			buildConfigurationList = 57EF3BEA245AD46D00B6ADC4 /* Build configuration list for PBXProject "MyPlaces" */;
			compatibilityVersion = "Xcode 9.3";
			developmentRegion = en;
			hasScannedForEncodings = 0;
			knownRegions = (
				en,
				Base,
			);
			mainGroup = 57EF3BE6245AD46D00B6ADC4;
			productRefGroup = 57EF3BF0245AD46D00B6ADC4 /* Products */;
			projectDirPath = "";
			projectRoot = "";
			targets = (
				57EF3BEE245AD46D00B6ADC4 /* MyPlaces */,
			);
		};
/* End PBXProject section */

/* Begin PBXResourcesBuildPhase section */
		57EF3BED245AD46D00B6ADC4 /* Resources */ = {
			isa = PBXResourcesBuildPhase;
			buildActionMask = 2147483647;
			files = (
				57EF3BFF245AD46F00B6ADC4 /* LaunchScreen.storyboard in Resources */,
				57EF3BFC245AD46F00B6ADC4 /* Assets.xcassets in Resources */,
				57EF3BFA245AD46D00B6ADC4 /* Main.storyboard in Resources */,
			);
			runOnlyForDeploymentPostprocessing = 0;
		};
/* End PBXResourcesBuildPhase section */

/* Begin PBXShellScriptBuildPhase section */
		A3AB4BE6B80B6A56639B6ACD /* [CP] Check Pods Manifest.lock */ = {
			isa = PBXShellScriptBuildPhase;
			buildActionMask = 2147483647;
			files = (
			);
			inputFileListPaths = (
			);
			inputPaths = (
				"${PODS_PODFILE_DIR_PATH}/Podfile.lock",
				"${PODS_ROOT}/Manifest.lock",
			);
			name = "[CP] Check Pods Manifest.lock";
			outputFileListPaths = (
			);
			outputPaths = (
				"$(DERIVED_FILE_DIR)/Pods-MyPlaces-checkManifestLockResult.txt",
			);
			runOnlyForDeploymentPostprocessing = 0;
			shellPath = /bin/sh;
			shellScript = "diff \"${PODS_PODFILE_DIR_PATH}/Podfile.lock\" \"${PODS_ROOT}/Manifest.lock\" > /dev/null\nif [ $? != 0 ] ; then\n    # print error to STDERR\n    echo \"error: The sandbox is not in sync with the Podfile.lock. Run 'pod install' or update your CocoaPods installation.\" >&2\n    exit 1\nfi\n# This output is used by Xcode 'outputs' to avoid re-running this script phase.\necho \"SUCCESS\" > \"${SCRIPT_OUTPUT_FILE_0}\"\n";
			showEnvVarsInLog = 0;
		};
		BBD99335D0097D5203BE9A5E /* [CP] Embed Pods Frameworks */ = {
			isa = PBXShellScriptBuildPhase;
			buildActionMask = 2147483647;
			files = (
			);
			inputFileListPaths = (
				"${PODS_ROOT}/Target Support Files/Pods-MyPlaces/Pods-MyPlaces-frameworks-${CONFIGURATION}-input-files.xcfilelist",
			);
			name = "[CP] Embed Pods Frameworks";
			outputFileListPaths = (
				"${PODS_ROOT}/Target Support Files/Pods-MyPlaces/Pods-MyPlaces-frameworks-${CONFIGURATION}-output-files.xcfilelist",
			);
			runOnlyForDeploymentPostprocessing = 0;
			shellPath = /bin/sh;
			shellScript = "\"${PODS_ROOT}/Target Support Files/Pods-MyPlaces/Pods-MyPlaces-frameworks.sh\"\n";
			showEnvVarsInLog = 0;
		};
/* End PBXShellScriptBuildPhase section */

/* Begin PBXSourcesBuildPhase section */
		57EF3BEB245AD46D00B6ADC4 /* Sources */ = {
			isa = PBXSourcesBuildPhase;
			buildActionMask = 2147483647;
			files = (
				57EF3C07245AE01100B6ADC4 /* MainViewController.swift in Sources */,
				573FFB6824740E4F005A85FB /* NewPlaceViewController.swift in Sources */,
				57EF3BF3245AD46D00B6ADC4 /* AppDelegate.swift in Sources */,
				573F938924757155008E4DA4 /* StorageManager.swift in Sources */,
				57AACFC524707F3800E9F6BA /* PlaceModel.swift in Sources */,
				57EF3C09245F4ED600B6ADC4 /* CustomTableViewCell.swift in Sources */,
				57EF3BF5245AD46D00B6ADC4 /* SceneDelegate.swift in Sources */,
			);
			runOnlyForDeploymentPostprocessing = 0;
		};
/* End PBXSourcesBuildPhase section */

/* Begin PBXVariantGroup section */
		57EF3BF8245AD46D00B6ADC4 /* Main.storyboard */ = {
			isa = PBXVariantGroup;
			children = (
				57EF3BF9245AD46D00B6ADC4 /* Base */,
			);
			name = Main.storyboard;
			sourceTree = "<group>";
		};
		57EF3BFD245AD46F00B6ADC4 /* LaunchScreen.storyboard */ = {
			isa = PBXVariantGroup;
			children = (
				57EF3BFE245AD46F00B6ADC4 /* Base */,
			);
			name = LaunchScreen.storyboard;
			sourceTree = "<group>";
		};
/* End PBXVariantGroup section */

/* Begin XCBuildConfiguration section */
		57EF3C01245AD46F00B6ADC4 /* Debug */ = {
			isa = XCBuildConfiguration;
			buildSettings = {
				ALWAYS_SEARCH_USER_PATHS = NO;
				CLANG_ANALYZER_NONNULL = YES;
				CLANG_ANALYZER_NUMBER_OBJECT_CONVERSION = YES_AGGRESSIVE;
				CLANG_CXX_LANGUAGE_STANDARD = "gnu++14";
				CLANG_CXX_LIBRARY = "libc++";
				CLANG_ENABLE_MODULES = YES;
				CLANG_ENABLE_OBJC_ARC = YES;
				CLANG_ENABLE_OBJC_WEAK = YES;
				CLANG_WARN_BLOCK_CAPTURE_AUTORELEASING = YES;
				CLANG_WARN_BOOL_CONVERSION = YES;
				CLANG_WARN_COMMA = YES;
				CLANG_WARN_CONSTANT_CONVERSION = YES;
				CLANG_WARN_DEPRECATED_OBJC_IMPLEMENTATIONS = YES;
				CLANG_WARN_DIRECT_OBJC_ISA_USAGE = YES_ERROR;
				CLANG_WARN_DOCUMENTATION_COMMENTS = YES;
				CLANG_WARN_EMPTY_BODY = YES;
				CLANG_WARN_ENUM_CONVERSION = YES;
				CLANG_WARN_INFINITE_RECURSION = YES;
				CLANG_WARN_INT_CONVERSION = YES;
				CLANG_WARN_NON_LITERAL_NULL_CONVERSION = YES;
				CLANG_WARN_OBJC_IMPLICIT_RETAIN_SELF = YES;
				CLANG_WARN_OBJC_LITERAL_CONVERSION = YES;
				CLANG_WARN_OBJC_ROOT_CLASS = YES_ERROR;
				CLANG_WARN_RANGE_LOOP_ANALYSIS = YES;
				CLANG_WARN_STRICT_PROTOTYPES = YES;
				CLANG_WARN_SUSPICIOUS_MOVE = YES;
				CLANG_WARN_UNGUARDED_AVAILABILITY = YES_AGGRESSIVE;
				CLANG_WARN_UNREACHABLE_CODE = YES;
				CLANG_WARN__DUPLICATE_METHOD_MATCH = YES;
				COPY_PHASE_STRIP = NO;
				DEBUG_INFORMATION_FORMAT = dwarf;
				ENABLE_STRICT_OBJC_MSGSEND = YES;
				ENABLE_TESTABILITY = YES;
				GCC_C_LANGUAGE_STANDARD = gnu11;
				GCC_DYNAMIC_NO_PIC = NO;
				GCC_NO_COMMON_BLOCKS = YES;
				GCC_OPTIMIZATION_LEVEL = 0;
				GCC_PREPROCESSOR_DEFINITIONS = (
					"DEBUG=1",
					"$(inherited)",
				);
				GCC_WARN_64_TO_32_BIT_CONVERSION = YES;
				GCC_WARN_ABOUT_RETURN_TYPE = YES_ERROR;
				GCC_WARN_UNDECLARED_SELECTOR = YES;
				GCC_WARN_UNINITIALIZED_AUTOS = YES_AGGRESSIVE;
				GCC_WARN_UNUSED_FUNCTION = YES;
				GCC_WARN_UNUSED_VARIABLE = YES;
				IPHONEOS_DEPLOYMENT_TARGET = 13.2;
				MTL_ENABLE_DEBUG_INFO = INCLUDE_SOURCE;
				MTL_FAST_MATH = YES;
				ONLY_ACTIVE_ARCH = YES;
				SDKROOT = iphoneos;
				SWIFT_ACTIVE_COMPILATION_CONDITIONS = DEBUG;
				SWIFT_OPTIMIZATION_LEVEL = "-Onone";
			};
			name = Debug;
		};
		57EF3C02245AD46F00B6ADC4 /* Release */ = {
			isa = XCBuildConfiguration;
			buildSettings = {
				ALWAYS_SEARCH_USER_PATHS = NO;
				CLANG_ANALYZER_NONNULL = YES;
				CLANG_ANALYZER_NUMBER_OBJECT_CONVERSION = YES_AGGRESSIVE;
				CLANG_CXX_LANGUAGE_STANDARD = "gnu++14";
				CLANG_CXX_LIBRARY = "libc++";
				CLANG_ENABLE_MODULES = YES;
				CLANG_ENABLE_OBJC_ARC = YES;
				CLANG_ENABLE_OBJC_WEAK = YES;
				CLANG_WARN_BLOCK_CAPTURE_AUTORELEASING = YES;
				CLANG_WARN_BOOL_CONVERSION = YES;
				CLANG_WARN_COMMA = YES;
				CLANG_WARN_CONSTANT_CONVERSION = YES;
				CLANG_WARN_DEPRECATED_OBJC_IMPLEMENTATIONS = YES;
				CLANG_WARN_DIRECT_OBJC_ISA_USAGE = YES_ERROR;
				CLANG_WARN_DOCUMENTATION_COMMENTS = YES;
				CLANG_WARN_EMPTY_BODY = YES;
				CLANG_WARN_ENUM_CONVERSION = YES;
				CLANG_WARN_INFINITE_RECURSION = YES;
				CLANG_WARN_INT_CONVERSION = YES;
				CLANG_WARN_NON_LITERAL_NULL_CONVERSION = YES;
				CLANG_WARN_OBJC_IMPLICIT_RETAIN_SELF = YES;
				CLANG_WARN_OBJC_LITERAL_CONVERSION = YES;
				CLANG_WARN_OBJC_ROOT_CLASS = YES_ERROR;
				CLANG_WARN_RANGE_LOOP_ANALYSIS = YES;
				CLANG_WARN_STRICT_PROTOTYPES = YES;
				CLANG_WARN_SUSPICIOUS_MOVE = YES;
				CLANG_WARN_UNGUARDED_AVAILABILITY = YES_AGGRESSIVE;
				CLANG_WARN_UNREACHABLE_CODE = YES;
				CLANG_WARN__DUPLICATE_METHOD_MATCH = YES;
				COPY_PHASE_STRIP = NO;
				DEBUG_INFORMATION_FORMAT = "dwarf-with-dsym";
				ENABLE_NS_ASSERTIONS = NO;
				ENABLE_STRICT_OBJC_MSGSEND = YES;
				GCC_C_LANGUAGE_STANDARD = gnu11;
				GCC_NO_COMMON_BLOCKS = YES;
				GCC_WARN_64_TO_32_BIT_CONVERSION = YES;
				GCC_WARN_ABOUT_RETURN_TYPE = YES_ERROR;
				GCC_WARN_UNDECLARED_SELECTOR = YES;
				GCC_WARN_UNINITIALIZED_AUTOS = YES_AGGRESSIVE;
				GCC_WARN_UNUSED_FUNCTION = YES;
				GCC_WARN_UNUSED_VARIABLE = YES;
				IPHONEOS_DEPLOYMENT_TARGET = 13.2;
				MTL_ENABLE_DEBUG_INFO = NO;
				MTL_FAST_MATH = YES;
				SDKROOT = iphoneos;
				SWIFT_COMPILATION_MODE = wholemodule;
				SWIFT_OPTIMIZATION_LEVEL = "-O";
				VALIDATE_PRODUCT = YES;
			};
			name = Release;
		};
		57EF3C04245AD46F00B6ADC4 /* Debug */ = {
			isa = XCBuildConfiguration;
			baseConfigurationReference = 4ABD5A579503D8311F1BD86C /* Pods-MyPlaces.debug.xcconfig */;
			buildSettings = {
				ASSETCATALOG_COMPILER_APPICON_NAME = AppIcon;
				CODE_SIGN_STYLE = Automatic;
				DEVELOPMENT_TEAM = CDJ4RL6V3L;
				INFOPLIST_FILE = MyPlaces/Info.plist;
				LD_RUNPATH_SEARCH_PATHS = (
					"$(inherited)",
					"@executable_path/Frameworks",
				);
				PRODUCT_BUNDLE_IDENTIFIER = ru.tasya.MyPlaces;
				PRODUCT_NAME = "$(TARGET_NAME)";
				SWIFT_VERSION = 5.0;
				TARGETED_DEVICE_FAMILY = "1,2";
			};
			name = Debug;
		};
		57EF3C05245AD46F00B6ADC4 /* Release */ = {
			isa = XCBuildConfiguration;
			baseConfigurationReference = D3AB43486F9D9C338E81E4FA /* Pods-MyPlaces.release.xcconfig */;
			buildSettings = {
				ASSETCATALOG_COMPILER_APPICON_NAME = AppIcon;
				CODE_SIGN_STYLE = Automatic;
				DEVELOPMENT_TEAM = CDJ4RL6V3L;
				INFOPLIST_FILE = MyPlaces/Info.plist;
				LD_RUNPATH_SEARCH_PATHS = (
					"$(inherited)",
					"@executable_path/Frameworks",
				);
				PRODUCT_BUNDLE_IDENTIFIER = ru.tasya.MyPlaces;
				PRODUCT_NAME = "$(TARGET_NAME)";
				SWIFT_VERSION = 5.0;
				TARGETED_DEVICE_FAMILY = "1,2";
			};
			name = Release;
		};
/* End XCBuildConfiguration section */

/* Begin XCConfigurationList section */
		57EF3BEA245AD46D00B6ADC4 /* Build configuration list for PBXProject "MyPlaces" */ = {
			isa = XCConfigurationList;
			buildConfigurations = (
				57EF3C01245AD46F00B6ADC4 /* Debug */,
				57EF3C02245AD46F00B6ADC4 /* Release */,
			);
			defaultConfigurationIsVisible = 0;
			defaultConfigurationName = Release;
		};
		57EF3C03245AD46F00B6ADC4 /* Build configuration list for PBXNativeTarget "MyPlaces" */ = {
			isa = XCConfigurationList;
			buildConfigurations = (
				57EF3C04245AD46F00B6ADC4 /* Debug */,
				57EF3C05245AD46F00B6ADC4 /* Release */,
			);
			defaultConfigurationIsVisible = 0;
			defaultConfigurationName = Release;
		};
/* End XCConfigurationList section */
	};
	rootObject = 57EF3BE7245AD46D00B6ADC4 /* Project object */;
}
